
Microsoft Visual Studio Solution File, Format Version 10.00
# Visual Studio 2008
Project("{FAE04EC0-301F-11D3-BF4B-00C04F79EFBC}") = "NSoup", "NSoup\NSoup.csproj", "{EA189DC2-2C8D-4B50-BEE8-8964D6BEDF33}"
EndProject
Project("{FAE04EC0-301F-11D3-BF4B-00C04F79EFBC}") = "Test", "Test\Test.csproj", "{75E9039E-6314-4878-91BF-C4F70E03703B}"
EndProject
Global
	GlobalSection(SolutionConfigurationPlatforms) = preSolution
		Debug|Any CPU = Debug|Any CPU
		Release|Any CPU = Release|Any CPU
	EndGlobalSection
	GlobalSection(ProjectConfigurationPlatforms) = postSolution
		{EA189DC2-2C8D-4B50-BEE8-8964D6BEDF33}.Debug|Any CPU.ActiveCfg = Debug|Any CPU
		{EA189DC2-2C8D-4B50-BEE8-8964D6BEDF33}.Debug|Any CPU.Build.0 = Debug|Any CPU
		{EA189DC2-2C8D-4B50-BEE8-8964D6BEDF33}.Release|Any CPU.ActiveCfg = Release|Any CPU
		{EA189DC2-2C8D-4B50-BEE8-8964D6BEDF33}.Release|Any CPU.Build.0 = Release|Any CPU
		{75E9039E-6314-4878-91BF-C4F70E03703B}.Debug|Any CPU.ActiveCfg = Debug|Any CPU
		{75E9039E-6314-4878-91BF-C4F70E03703B}.Debug|Any CPU.Build.0 = Debug|Any CPU
		{75E9039E-6314-4878-91BF-C4F70E03703B}.Release|Any CPU.ActiveCfg = Release|Any CPU
		{75E9039E-6314-4878-91BF-C4F70E03703B}.Release|Any CPU.Build.0 = Release|Any CPU
	EndGlobalSection
	GlobalSection(SolutionProperties) = preSolution
		HideSolutionNode = FALSE
	EndGlobalSection
EndGlobal
