
Microsoft Visual Studio Solution File, Format Version 10.00
# Visual Studio 2008
Project("{FAE04EC0-301F-11D3-BF4B-00C04F79EFBC}") = "NSoup", "NSoup\NSoup.csproj", "{EA189DC2-2C8D-4B50-BEE8-8964D6BEDF33}"
EndProject
Project("{FAE04EC0-301F-11D3-BF4B-00C04F79EFBC}") = "Test", "Test\Test.csproj", "{76A43BB3-E802-4407-9559-B438C4F22030}"
EndProject
Project("{2150E333-8FDC-42A3-9474-1A3956D46DE8}") = "Solution Items", "Solution Items", "{C66E2854-5CFF-4DD3-B867-3FE49DE1E96A}"
	ProjectSection(SolutionItems) = preProject
		LocalTestRun.testrunconfig = LocalTestRun.testrunconfig
		NSoup.vsmdi = NSoup.vsmdi
	EndProjectSection
EndProject
Global
	GlobalSection(TestCaseManagementSettings) = postSolution
		CategoryFile = NSoup.vsmdi
	EndGlobalSection
	GlobalSection(SolutionConfigurationPlatforms) = preSolution
		Debug|Any CPU = Debug|Any CPU
		Release|Any CPU = Release|Any CPU
	EndGlobalSection
	GlobalSection(ProjectConfigurationPlatforms) = postSolution
		{EA189DC2-2C8D-4B50-BEE8-8964D6BEDF33}.Debug|Any CPU.ActiveCfg = Debug|Any CPU
		{EA189DC2-2C8D-4B50-BEE8-8964D6BEDF33}.Debug|Any CPU.Build.0 = Debug|Any CPU
		{EA189DC2-2C8D-4B50-BEE8-8964D6BEDF33}.Release|Any CPU.ActiveCfg = Release|Any CPU
		{EA189DC2-2C8D-4B50-BEE8-8964D6BEDF33}.Release|Any CPU.Build.0 = Release|Any CPU
		{76A43BB3-E802-4407-9559-B438C4F22030}.Debug|Any CPU.ActiveCfg = Debug|Any CPU
		{76A43BB3-E802-4407-9559-B438C4F22030}.Debug|Any CPU.Build.0 = Debug|Any CPU
		{76A43BB3-E802-4407-9559-B438C4F22030}.Release|Any CPU.ActiveCfg = Release|Any CPU
		{76A43BB3-E802-4407-9559-B438C4F22030}.Release|Any CPU.Build.0 = Release|Any CPU
	EndGlobalSection
	GlobalSection(SolutionProperties) = preSolution
		HideSolutionNode = FALSE
	EndGlobalSection
EndGlobal
